Microsoft Visual Studio Solution File, Format Version 11.00
# Visual Studio 2008

Project("{9BD1AFFC-FDCA-96E2-E8FD-655B416D87C4}") = "mr. Mini", "Assembly-CSharp.csproj", "{AB6605BB-345E-DDE7-485E-FE1EBBDDA739}"
EndProject
Global
	GlobalSection(SolutionConfigurationPlatforms) = preSolution
		Debug|Any CPU = Debug|Any CPU
		Release|Any CPU = Release|Any CPU
	EndGlobalSection
	GlobalSection(ProjectConfigurationPlatforms) = postSolution
		{AB6605BB-345E-DDE7-485E-FE1EBBDDA739}.Debug|Any CPU.ActiveCfg = Debug|Any CPU
		{AB6605BB-345E-DDE7-485E-FE1EBBDDA739}.Debug|Any CPU.Build.0 = Debug|Any CPU
		{AB6605BB-345E-DDE7-485E-FE1EBBDDA739}.Release|Any CPU.ActiveCfg = Release|Any CPU
		{AB6605BB-345E-DDE7-485E-FE1EBBDDA739}.Release|Any CPU.Build.0 = Release|Any CPU
	EndGlobalSection
	GlobalSection(SolutionProperties) = preSolution
		HideSolutionNode = FALSE
	EndGlobalSection
	GlobalSection(MonoDevelopProperties) = preSolution
		StartupItem = Assembly-CSharp.csproj
	EndGlobalSection
EndGlobal
